
Microsoft Visual Studio Solution File, Format Version 12.00
# Visual Studio 15
VisualStudioVersion = 15.0.28307.329
MinimumVisualStudioVersion = 10.0.40219.1
Project("{FAE04EC0-301F-11D3-BF4B-00C04F79EFBC}") = "SharpQueue.IntegrationTests", "SharpQueue.IntegrationTests\SharpQueue.IntegrationTests.csproj", "{0CDE0CD3-1F6D-44BF-BC45-1977C8CE0DAE}"
EndProject
Project("{FAE04EC0-301F-11D3-BF4B-00C04F79EFBC}") = "SharpQueue", "SharpQueue\SharpQueue.csproj", "{BBCBD4D5-B745-4AA8-B99D-77F2C5640B73}"
EndProject
Global
	GlobalSection(SolutionConfigurationPlatforms) = preSolution
		Debug|Any CPU = Debug|Any CPU
		Release|Any CPU = Release|Any CPU
	EndGlobalSection
	GlobalSection(ProjectConfigurationPlatforms) = postSolution
		{0CDE0CD3-1F6D-44BF-BC45-1977C8CE0DAE}.Debug|Any CPU.ActiveCfg = Debug|Any CPU
		{0CDE0CD3-1F6D-44BF-BC45-1977C8CE0DAE}.Debug|Any CPU.Build.0 = Debug|Any CPU
		{0CDE0CD3-1F6D-44BF-BC45-1977C8CE0DAE}.Release|Any CPU.ActiveCfg = Release|Any CPU
		{0CDE0CD3-1F6D-44BF-BC45-1977C8CE0DAE}.Release|Any CPU.Build.0 = Release|Any CPU
		{BBCBD4D5-B745-4AA8-B99D-77F2C5640B73}.Debug|Any CPU.ActiveCfg = Debug|Any CPU
		{BBCBD4D5-B745-4AA8-B99D-77F2C5640B73}.Debug|Any CPU.Build.0 = Debug|Any CPU
		{BBCBD4D5-B745-4AA8-B99D-77F2C5640B73}.Release|Any CPU.ActiveCfg = Release|Any CPU
		{BBCBD4D5-B745-4AA8-B99D-77F2C5640B73}.Release|Any CPU.Build.0 = Release|Any CPU
	EndGlobalSection
	GlobalSection(SolutionProperties) = preSolution
		HideSolutionNode = FALSE
	EndGlobalSection
	GlobalSection(ExtensibilityGlobals) = postSolution
		SolutionGuid = {16725627-0D82-4633-AB3E-3866FC7841DE}
	EndGlobalSection
EndGlobal
